// !$*UTF8*$!
{
	archiveVersion = 1;
	classes = {
	};
	objectVersion = 50;
	objects = {

/* Begin PBXBuildFile section */
		C8E5EBB1F7B58143782888C6 /* Pods_TodoKids.framework in Frameworks */ = {isa = PBXBuildFile; fileRef = 01AA160DF5E9CDBE9FB65627 /* Pods_TodoKids.framework */; };
		FC1AA5E42116A369007B7431 /* AppDelegate.swift in Sources */ = {isa = PBXBuildFile; fileRef = FC1AA5E32116A369007B7431 /* AppDelegate.swift */; };
		FC1AA5E92116A369007B7431 /* Main.storyboard in Resources */ = {isa = PBXBuildFile; fileRef = FC1AA5E72116A369007B7431 /* Main.storyboard */; };
		FC1AA5EB2116A36A007B7431 /* Assets.xcassets in Resources */ = {isa = PBXBuildFile; fileRef = FC1AA5EA2116A36A007B7431 /* Assets.xcassets */; };
		FC1AA5EE2116A36A007B7431 /* LaunchScreen.storyboard in Resources */ = {isa = PBXBuildFile; fileRef = FC1AA5EC2116A36A007B7431 /* LaunchScreen.storyboard */; };
		FC944C80211734F7002B4D62 /* Category.swift in Sources */ = {isa = PBXBuildFile; fileRef = FC944C7F211734F7002B4D62 /* Category.swift */; };
		FC944C822117E68B002B4D62 /* Item.swift in Sources */ = {isa = PBXBuildFile; fileRef = FC944C812117E68B002B4D62 /* Item.swift */; };
		FC944C842117E8DE002B4D62 /* SwipeTableViewController.swift in Sources */ = {isa = PBXBuildFile; fileRef = FC944C832117E8DE002B4D62 /* SwipeTableViewController.swift */; };
		FC944C862117E9C0002B4D62 /* CategoryTableViewController.swift in Sources */ = {isa = PBXBuildFile; fileRef = FC944C852117E9C0002B4D62 /* CategoryTableViewController.swift */; };
		FC944C882117EA0C002B4D62 /* ItemTableViewController.swift in Sources */ = {isa = PBXBuildFile; fileRef = FC944C872117EA0C002B4D62 /* ItemTableViewController.swift */; };
/* End PBXBuildFile section */

/* Begin PBXFileReference section */
		01AA160DF5E9CDBE9FB65627 /* Pods_TodoKids.framework */ = {isa = PBXFileReference; explicitFileType = wrapper.framework; includeInIndex = 0; path = Pods_TodoKids.framework; sourceTree = BUILT_PRODUCTS_DIR; };
		C450A4EF1B565FA1F7888585 /* Pods-TodoKids.debug.xcconfig */ = {isa = PBXFileReference; includeInIndex = 1; lastKnownFileType = text.xcconfig; name = "Pods-TodoKids.debug.xcconfig"; path = "Pods/Target Support Files/Pods-TodoKids/Pods-TodoKids.debug.xcconfig"; sourceTree = "<group>"; };
		DEDFAB6237BAABA7E2DDA0A7 /* Pods-TodoKids.release.xcconfig */ = {isa = PBXFileReference; includeInIndex = 1; lastKnownFileType = text.xcconfig; name = "Pods-TodoKids.release.xcconfig"; path = "Pods/Target Support Files/Pods-TodoKids/Pods-TodoKids.release.xcconfig"; sourceTree = "<group>"; };
		FC1AA5E02116A369007B7431 /* TodoKids.app */ = {isa = PBXFileReference; explicitFileType = wrapper.application; includeInIndex = 0; path = TodoKids.app; sourceTree = BUILT_PRODUCTS_DIR; };
		FC1AA5E32116A369007B7431 /* AppDelegate.swift */ = {isa = PBXFileReference; lastKnownFileType = sourcecode.swift; path = AppDelegate.swift; sourceTree = "<group>"; };
		FC1AA5E82116A369007B7431 /* Base */ = {isa = PBXFileReference; lastKnownFileType = file.storyboard; name = Base; path = Base.lproj/Main.storyboard; sourceTree = "<group>"; };
		FC1AA5EA2116A36A007B7431 /* Assets.xcassets */ = {isa = PBXFileReference; lastKnownFileType = folder.assetcatalog; path = Assets.xcassets; sourceTree = "<group>"; };
		FC1AA5ED2116A36A007B7431 /* Base */ = {isa = PBXFileReference; lastKnownFileType = file.storyboard; name = Base; path = Base.lproj/LaunchScreen.storyboard; sourceTree = "<group>"; };
		FC1AA5EF2116A36A007B7431 /* Info.plist */ = {isa = PBXFileReference; lastKnownFileType = text.plist.xml; path = Info.plist; sourceTree = "<group>"; };
		FC944C7F211734F7002B4D62 /* Category.swift */ = {isa = PBXFileReference; lastKnownFileType = sourcecode.swift; path = Category.swift; sourceTree = "<group>"; };
		FC944C812117E68B002B4D62 /* Item.swift */ = {isa = PBXFileReference; lastKnownFileType = sourcecode.swift; path = Item.swift; sourceTree = "<group>"; };
		FC944C832117E8DE002B4D62 /* SwipeTableViewController.swift */ = {isa = PBXFileReference; lastKnownFileType = sourcecode.swift; path = SwipeTableViewController.swift; sourceTree = "<group>"; };
		FC944C852117E9C0002B4D62 /* CategoryTableViewController.swift */ = {isa = PBXFileReference; lastKnownFileType = sourcecode.swift; path = CategoryTableViewController.swift; sourceTree = "<group>"; };
		FC944C872117EA0C002B4D62 /* ItemTableViewController.swift */ = {isa = PBXFileReference; lastKnownFileType = sourcecode.swift; path = ItemTableViewController.swift; sourceTree = "<group>"; };
/* End PBXFileReference section */

/* Begin PBXFrameworksBuildPhase section */
		FC1AA5DD2116A369007B7431 /* Frameworks */ = {
			isa = PBXFrameworksBuildPhase;
			buildActionMask = 2147483647;
			files = (
				C8E5EBB1F7B58143782888C6 /* Pods_TodoKids.framework in Frameworks */,
			);
			runOnlyForDeploymentPostprocessing = 0;
		};
/* End PBXFrameworksBuildPhase section */

/* Begin PBXGroup section */
		571BBB208F9E247B02CE7F4E /* Pods */ = {
			isa = PBXGroup;
			children = (
				C450A4EF1B565FA1F7888585 /* Pods-TodoKids.debug.xcconfig */,
				DEDFAB6237BAABA7E2DDA0A7 /* Pods-TodoKids.release.xcconfig */,
			);
			name = Pods;
			sourceTree = "<group>";
		};
		C412F396CE1919667B17CD6F /* Frameworks */ = {
			isa = PBXGroup;
			children = (
				01AA160DF5E9CDBE9FB65627 /* Pods_TodoKids.framework */,
			);
			name = Frameworks;
			sourceTree = "<group>";
		};
		FC1AA5D72116A369007B7431 = {
			isa = PBXGroup;
			children = (
				FC1AA5E22116A369007B7431 /* TodoKid */,
				FC1AA5E12116A369007B7431 /* Products */,
				571BBB208F9E247B02CE7F4E /* Pods */,
				C412F396CE1919667B17CD6F /* Frameworks */,
			);
			sourceTree = "<group>";
		};
		FC1AA5E12116A369007B7431 /* Products */ = {
			isa = PBXGroup;
			children = (
				FC1AA5E02116A369007B7431 /* TodoKids.app */,
			);
			name = Products;
			sourceTree = "<group>";
		};
		FC1AA5E22116A369007B7431 /* TodoKid */ = {
			isa = PBXGroup;
			children = (
				FC1AA5E32116A369007B7431 /* AppDelegate.swift */,
				FC1AA5F82116A3C7007B7431 /* Models */,
				FC1AA5F62116A3A4007B7431 /* Views */,
				FC1AA5F72116A3AD007B7431 /* Controllers */,
				FC1AA5F52116A395007B7431 /* Supporting Files */,
				FC1AA5EF2116A36A007B7431 /* Info.plist */,
			);
			path = TodoKid;
			sourceTree = "<group>";
		};
		FC1AA5F52116A395007B7431 /* Supporting Files */ = {
			isa = PBXGroup;
			children = (
				FC1AA5EA2116A36A007B7431 /* Assets.xcassets */,
				FC1AA5EC2116A36A007B7431 /* LaunchScreen.storyboard */,
			);
			path = "Supporting Files";
			sourceTree = "<group>";
		};
		FC1AA5F62116A3A4007B7431 /* Views */ = {
			isa = PBXGroup;
			children = (
				FC1AA5E72116A369007B7431 /* Main.storyboard */,
			);
			path = Views;
			sourceTree = "<group>";
		};
		FC1AA5F72116A3AD007B7431 /* Controllers */ = {
			isa = PBXGroup;
			children = (
				FC944C832117E8DE002B4D62 /* SwipeTableViewController.swift */,
				FC944C852117E9C0002B4D62 /* CategoryTableViewController.swift */,
				FC944C872117EA0C002B4D62 /* ItemTableViewController.swift */,
			);
			path = Controllers;
			sourceTree = "<group>";
		};
		FC1AA5F82116A3C7007B7431 /* Models */ = {
			isa = PBXGroup;
			children = (
				FC944C7F211734F7002B4D62 /* Category.swift */,
				FC944C812117E68B002B4D62 /* Item.swift */,
			);
			path = Models;
			sourceTree = "<group>";
		};
/* End PBXGroup section */

/* Begin PBXNativeTarget section */
		FC1AA5DF2116A369007B7431 /* TodoKids */ = {
			isa = PBXNativeTarget;
			buildConfigurationList = FC1AA5F22116A36A007B7431 /* Build configuration list for PBXNativeTarget "TodoKids" */;
			buildPhases = (
				8E5DBF0AD0DC6A15E21F6578 /* [CP] Check Pods Manifest.lock */,
				FC1AA5DC2116A369007B7431 /* Sources */,
				FC1AA5DD2116A369007B7431 /* Frameworks */,
				FC1AA5DE2116A369007B7431 /* Resources */,
				7009DF6033B0141B9897E328 /* [CP] Embed Pods Frameworks */,
			);
			buildRules = (
			);
			dependencies = (
			);
			name = TodoKids;
			productName = TodoKid;
			productReference = FC1AA5E02116A369007B7431 /* TodoKids.app */;
			productType = "com.apple.product-type.application";
		};
/* End PBXNativeTarget section */

/* Begin PBXProject section */
		FC1AA5D82116A369007B7431 /* Project object */ = {
			isa = PBXProject;
			attributes = {
				LastSwiftUpdateCheck = 0940;
				LastUpgradeCheck = 0940;
				ORGANIZATIONNAME = "Expert-Generalist";
				TargetAttributes = {
					FC1AA5DF2116A369007B7431 = {
						CreatedOnToolsVersion = 9.4.1;
					};
				};
			};
			buildConfigurationList = FC1AA5DB2116A369007B7431 /* Build configuration list for PBXProject "TodoKids" */;
			compatibilityVersion = "Xcode 9.3";
			developmentRegion = en;
			hasScannedForEncodings = 0;
			knownRegions = (
				en,
				Base,
			);
			mainGroup = FC1AA5D72116A369007B7431;
			productRefGroup = FC1AA5E12116A369007B7431 /* Products */;
			projectDirPath = "";
			projectRoot = "";
			targets = (
				FC1AA5DF2116A369007B7431 /* TodoKids */,
			);
		};
/* End PBXProject section */

/* Begin PBXResourcesBuildPhase section */
		FC1AA5DE2116A369007B7431 /* Resources */ = {
			isa = PBXResourcesBuildPhase;
			buildActionMask = 2147483647;
			files = (
				FC1AA5EE2116A36A007B7431 /* LaunchScreen.storyboard in Resources */,
				FC1AA5EB2116A36A007B7431 /* Assets.xcassets in Resources */,
				FC1AA5E92116A369007B7431 /* Main.storyboard in Resources */,
			);
			runOnlyForDeploymentPostprocessing = 0;
		};
/* End PBXResourcesBuildPhase section */

/* Begin PBXShellScriptBuildPhase section */
		7009DF6033B0141B9897E328 /* [CP] Embed Pods Frameworks */ = {
			isa = PBXShellScriptBuildPhase;
			buildActionMask = 2147483647;
			files = (
			);
			inputPaths = (
				"${SRCROOT}/Pods/Target Support Files/Pods-TodoKids/Pods-TodoKids-frameworks.sh",
				"${BUILT_PRODUCTS_DIR}/ChameleonFramework/ChameleonFramework.framework",
				"${BUILT_PRODUCTS_DIR}/Realm/Realm.framework",
				"${BUILT_PRODUCTS_DIR}/RealmSwift/RealmSwift.framework",
				"${BUILT_PRODUCTS_DIR}/SwipeCellKit/SwipeCellKit.framework",
			);
			name = "[CP] Embed Pods Frameworks";
			outputPaths = (
				"${TARGET_BUILD_DIR}/${FRAMEWORKS_FOLDER_PATH}/ChameleonFramework.framework",
				"${TARGET_BUILD_DIR}/${FRAMEWORKS_FOLDER_PATH}/Realm.framework",
				"${TARGET_BUILD_DIR}/${FRAMEWORKS_FOLDER_PATH}/RealmSwift.framework",
				"${TARGET_BUILD_DIR}/${FRAMEWORKS_FOLDER_PATH}/SwipeCellKit.framework",
			);
			runOnlyForDeploymentPostprocessing = 0;
			shellPath = /bin/sh;
			shellScript = "\"${SRCROOT}/Pods/Target Support Files/Pods-TodoKids/Pods-TodoKids-frameworks.sh\"\n";
			showEnvVarsInLog = 0;
		};
		8E5DBF0AD0DC6A15E21F6578 /* [CP] Check Pods Manifest.lock */ = {
			isa = PBXShellScriptBuildPhase;
			buildActionMask = 2147483647;
			files = (
			);
			inputPaths = (
				"${PODS_PODFILE_DIR_PATH}/Podfile.lock",
				"${PODS_ROOT}/Manifest.lock",
			);
			name = "[CP] Check Pods Manifest.lock";
			outputPaths = (
				"$(DERIVED_FILE_DIR)/Pods-TodoKids-checkManifestLockResult.txt",
			);
			runOnlyForDeploymentPostprocessing = 0;
			shellPath = /bin/sh;
			shellScript = "diff \"${PODS_PODFILE_DIR_PATH}/Podfile.lock\" \"${PODS_ROOT}/Manifest.lock\" > /dev/null\nif [ $? != 0 ] ; then\n    # print error to STDERR\n    echo \"error: The sandbox is not in sync with the Podfile.lock. Run 'pod install' or update your CocoaPods installation.\" >&2\n    exit 1\nfi\n# This output is used by Xcode 'outputs' to avoid re-running this script phase.\necho \"SUCCESS\" > \"${SCRIPT_OUTPUT_FILE_0}\"\n";
			showEnvVarsInLog = 0;
		};
/* End PBXShellScriptBuildPhase section */

/* Begin PBXSourcesBuildPhase section */
		FC1AA5DC2116A369007B7431 /* Sources */ = {
			isa = PBXSourcesBuildPhase;
			buildActionMask = 2147483647;
			files = (
				FC944C842117E8DE002B4D62 /* SwipeTableViewController.swift in Sources */,
				FC944C822117E68B002B4D62 /* Item.swift in Sources */,
				FC944C862117E9C0002B4D62 /* CategoryTableViewController.swift in Sources */,
				FC1AA5E42116A369007B7431 /* AppDelegate.swift in Sources */,
				FC944C882117EA0C002B4D62 /* ItemTableViewController.swift in Sources */,
				FC944C80211734F7002B4D62 /* Category.swift in Sources */,
			);
			runOnlyForDeploymentPostprocessing = 0;
		};
/* End PBXSourcesBuildPhase section */

/* Begin PBXVariantGroup section */
		FC1AA5E72116A369007B7431 /* Main.storyboard */ = {
			isa = PBXVariantGroup;
			children = (
				FC1AA5E82116A369007B7431 /* Base */,
			);
			name = Main.storyboard;
			sourceTree = "<group>";
		};
		FC1AA5EC2116A36A007B7431 /* LaunchScreen.storyboard */ = {
			isa = PBXVariantGroup;
			children = (
				FC1AA5ED2116A36A007B7431 /* Base */,
			);
			name = LaunchScreen.storyboard;
			sourceTree = "<group>";
		};
/* End PBXVariantGroup section */

/* Begin XCBuildConfiguration section */
		FC1AA5F02116A36A007B7431 /* Debug */ = {
			isa = XCBuildConfiguration;
			buildSettings = {
				ALWAYS_SEARCH_USER_PATHS = NO;
				CLANG_ANALYZER_NONNULL = YES;
				CLANG_ANALYZER_NUMBER_OBJECT_CONVERSION = YES_AGGRESSIVE;
				CLANG_CXX_LANGUAGE_STANDARD = "gnu++14";
				CLANG_CXX_LIBRARY = "libc++";
				CLANG_ENABLE_MODULES = YES;
				CLANG_ENABLE_OBJC_ARC = YES;
				CLANG_ENABLE_OBJC_WEAK = YES;
				CLANG_WARN_BLOCK_CAPTURE_AUTORELEASING = YES;
				CLANG_WARN_BOOL_CONVERSION = YES;
				CLANG_WARN_COMMA = YES;
				CLANG_WARN_CONSTANT_CONVERSION = YES;
				CLANG_WARN_DEPRECATED_OBJC_IMPLEMENTATIONS = YES;
				CLANG_WARN_DIRECT_OBJC_ISA_USAGE = YES_ERROR;
				CLANG_WARN_DOCUMENTATION_COMMENTS = YES;
				CLANG_WARN_EMPTY_BODY = YES;
				CLANG_WARN_ENUM_CONVERSION = YES;
				CLANG_WARN_INFINITE_RECURSION = YES;
				CLANG_WARN_INT_CONVERSION = YES;
				CLANG_WARN_NON_LITERAL_NULL_CONVERSION = YES;
				CLANG_WARN_OBJC_IMPLICIT_RETAIN_SELF = YES;
				CLANG_WARN_OBJC_LITERAL_CONVERSION = YES;
				CLANG_WARN_OBJC_ROOT_CLASS = YES_ERROR;
				CLANG_WARN_RANGE_LOOP_ANALYSIS = YES;
				CLANG_WARN_STRICT_PROTOTYPES = YES;
				CLANG_WARN_SUSPICIOUS_MOVE = YES;
				CLANG_WARN_UNGUARDED_AVAILABILITY = YES_AGGRESSIVE;
				CLANG_WARN_UNREACHABLE_CODE = YES;
				CLANG_WARN__DUPLICATE_METHOD_MATCH = YES;
				CODE_SIGN_IDENTITY = "iPhone Developer";
				COPY_PHASE_STRIP = NO;
				DEBUG_INFORMATION_FORMAT = dwarf;
				ENABLE_STRICT_OBJC_MSGSEND = YES;
				ENABLE_TESTABILITY = YES;
				GCC_C_LANGUAGE_STANDARD = gnu11;
				GCC_DYNAMIC_NO_PIC = NO;
				GCC_NO_COMMON_BLOCKS = YES;
				GCC_OPTIMIZATION_LEVEL = 0;
				GCC_PREPROCESSOR_DEFINITIONS = (
					"DEBUG=1",
					"$(inherited)",
				);
				GCC_WARN_64_TO_32_BIT_CONVERSION = YES;
				GCC_WARN_ABOUT_RETURN_TYPE = YES_ERROR;
				GCC_WARN_UNDECLARED_SELECTOR = YES;
				GCC_WARN_UNINITIALIZED_AUTOS = YES_AGGRESSIVE;
				GCC_WARN_UNUSED_FUNCTION = YES;
				GCC_WARN_UNUSED_VARIABLE = YES;
				IPHONEOS_DEPLOYMENT_TARGET = 11.4;
				MTL_ENABLE_DEBUG_INFO = YES;
				ONLY_ACTIVE_ARCH = YES;
				SDKROOT = iphoneos;
				SWIFT_ACTIVE_COMPILATION_CONDITIONS = DEBUG;
				SWIFT_OPTIMIZATION_LEVEL = "-Onone";
			};
			name = Debug;
		};
		FC1AA5F12116A36A007B7431 /* Release */ = {
			isa = XCBuildConfiguration;
			buildSettings = {
				ALWAYS_SEARCH_USER_PATHS = NO;
				CLANG_ANALYZER_NONNULL = YES;
				CLANG_ANALYZER_NUMBER_OBJECT_CONVERSION = YES_AGGRESSIVE;
				CLANG_CXX_LANGUAGE_STANDARD = "gnu++14";
				CLANG_CXX_LIBRARY = "libc++";
				CLANG_ENABLE_MODULES = YES;
				CLANG_ENABLE_OBJC_ARC = YES;
				CLANG_ENABLE_OBJC_WEAK = YES;
				CLANG_WARN_BLOCK_CAPTURE_AUTORELEASING = YES;
				CLANG_WARN_BOOL_CONVERSION = YES;
				CLANG_WARN_COMMA = YES;
				CLANG_WARN_CONSTANT_CONVERSION = YES;
				CLANG_WARN_DEPRECATED_OBJC_IMPLEMENTATIONS = YES;
				CLANG_WARN_DIRECT_OBJC_ISA_USAGE = YES_ERROR;
				CLANG_WARN_DOCUMENTATION_COMMENTS = YES;
				CLANG_WARN_EMPTY_BODY = YES;
				CLANG_WARN_ENUM_CONVERSION = YES;
				CLANG_WARN_INFINITE_RECURSION = YES;
				CLANG_WARN_INT_CONVERSION = YES;
				CLANG_WARN_NON_LITERAL_NULL_CONVERSION = YES;
				CLANG_WARN_OBJC_IMPLICIT_RETAIN_SELF = YES;
				CLANG_WARN_OBJC_LITERAL_CONVERSION = YES;
				CLANG_WARN_OBJC_ROOT_CLASS = YES_ERROR;
				CLANG_WARN_RANGE_LOOP_ANALYSIS = YES;
				CLANG_WARN_STRICT_PROTOTYPES = YES;
				CLANG_WARN_SUSPICIOUS_MOVE = YES;
				CLANG_WARN_UNGUARDED_AVAILABILITY = YES_AGGRESSIVE;
				CLANG_WARN_UNREACHABLE_CODE = YES;
				CLANG_WARN__DUPLICATE_METHOD_MATCH = YES;
				CODE_SIGN_IDENTITY = "iPhone Developer";
				COPY_PHASE_STRIP = NO;
				DEBUG_INFORMATION_FORMAT = "dwarf-with-dsym";
				ENABLE_NS_ASSERTIONS = NO;
				ENABLE_STRICT_OBJC_MSGSEND = YES;
				GCC_C_LANGUAGE_STANDARD = gnu11;
				GCC_NO_COMMON_BLOCKS = YES;
				GCC_WARN_64_TO_32_BIT_CONVERSION = YES;
				GCC_WARN_ABOUT_RETURN_TYPE = YES_ERROR;
				GCC_WARN_UNDECLARED_SELECTOR = YES;
				GCC_WARN_UNINITIALIZED_AUTOS = YES_AGGRESSIVE;
				GCC_WARN_UNUSED_FUNCTION = YES;
				GCC_WARN_UNUSED_VARIABLE = YES;
				IPHONEOS_DEPLOYMENT_TARGET = 11.4;
				MTL_ENABLE_DEBUG_INFO = NO;
				SDKROOT = iphoneos;
				SWIFT_COMPILATION_MODE = wholemodule;
				SWIFT_OPTIMIZATION_LEVEL = "-O";
				VALIDATE_PRODUCT = YES;
			};
			name = Release;
		};
		FC1AA5F32116A36A007B7431 /* Debug */ = {
			isa = XCBuildConfiguration;
			baseConfigurationReference = C450A4EF1B565FA1F7888585 /* Pods-TodoKids.debug.xcconfig */;
			buildSettings = {
				ASSETCATALOG_COMPILER_APPICON_NAME = AppIcon;
				CODE_SIGN_STYLE = Automatic;
				DEVELOPMENT_TEAM = "";
				INFOPLIST_FILE = TodoKid/Info.plist;
				LD_RUNPATH_SEARCH_PATHS = (
					"$(inherited)",
					"@executable_path/Frameworks",
				);
				PRODUCT_BUNDLE_IDENTIFIER = "com.expert-generalist.TodoKids";
				PRODUCT_NAME = "$(TARGET_NAME)";
				SWIFT_VERSION = 4.0;
				TARGETED_DEVICE_FAMILY = "1,2";
			};
			name = Debug;
		};
		FC1AA5F42116A36A007B7431 /* Release */ = {
			isa = XCBuildConfiguration;
			baseConfigurationReference = DEDFAB6237BAABA7E2DDA0A7 /* Pods-TodoKids.release.xcconfig */;
			buildSettings = {
				ASSETCATALOG_COMPILER_APPICON_NAME = AppIcon;
				CODE_SIGN_STYLE = Automatic;
				DEVELOPMENT_TEAM = "";
				INFOPLIST_FILE = TodoKid/Info.plist;
				LD_RUNPATH_SEARCH_PATHS = (
					"$(inherited)",
					"@executable_path/Frameworks",
				);
				PRODUCT_BUNDLE_IDENTIFIER = "com.expert-generalist.TodoKids";
				PRODUCT_NAME = "$(TARGET_NAME)";
				SWIFT_VERSION = 4.0;
				TARGETED_DEVICE_FAMILY = "1,2";
			};
			name = Release;
		};
/* End XCBuildConfiguration section */

/* Begin XCConfigurationList section */
		FC1AA5DB2116A369007B7431 /* Build configuration list for PBXProject "TodoKids" */ = {
			isa = XCConfigurationList;
			buildConfigurations = (
				FC1AA5F02116A36A007B7431 /* Debug */,
				FC1AA5F12116A36A007B7431 /* Release */,
			);
			defaultConfigurationIsVisible = 0;
			defaultConfigurationName = Release;
		};
		FC1AA5F22116A36A007B7431 /* Build configuration list for PBXNativeTarget "TodoKids" */ = {
			isa = XCConfigurationList;
			buildConfigurations = (
				FC1AA5F32116A36A007B7431 /* Debug */,
				FC1AA5F42116A36A007B7431 /* Release */,
			);
			defaultConfigurationIsVisible = 0;
			defaultConfigurationName = Release;
		};
/* End XCConfigurationList section */
	};
	rootObject = FC1AA5D82116A369007B7431 /* Project object */;
}
